
Microsoft Visual Studio Solution File, Format Version 12.00
# Visual Studio 15
Project("{FAE04EC0-301F-11D3-BF4B-00C04F79EFBC}") = "Assembly-CSharp", "Assembly-CSharp.csproj", "{8F4DB953-2EA7-39B3-656B-8A2937C6BBB6}"
EndProject
Project("{FAE04EC0-301F-11D3-BF4B-00C04F79EFBC}") = "Assembly-CSharp-firstpass", "Assembly-CSharp-firstpass.csproj", "{07C3B7DB-8D2B-E126-59AC-7DA12F3F6E25}"
EndProject
Project("{FAE04EC0-301F-11D3-BF4B-00C04F79EFBC}") = "Assembly-CSharp-Editor", "Assembly-CSharp-Editor.csproj", "{5CF2605D-29FD-1D97-5D23-B7CAED86F45F}"
EndProject
Project("{FAE04EC0-301F-11D3-BF4B-00C04F79EFBC}") = "Assembly-CSharp-Editor-firstpass", "Assembly-CSharp-Editor-firstpass.csproj", "{600740C9-4076-73C3-D318-9BD45301C1DD}"
EndProject
Global
	GlobalSection(SolutionConfigurationPlatforms) = preSolution
		Debug|Any CPU = Debug|Any CPU
		Release|Any CPU = Release|Any CPU
	EndGlobalSection
	GlobalSection(ProjectConfigurationPlatforms) = postSolution
		{8F4DB953-2EA7-39B3-656B-8A2937C6BBB6}.Debug|Any CPU.ActiveCfg = Debug|Any CPU
		{8F4DB953-2EA7-39B3-656B-8A2937C6BBB6}.Debug|Any CPU.Build.0 = Debug|Any CPU
		{8F4DB953-2EA7-39B3-656B-8A2937C6BBB6}.Release|Any CPU.ActiveCfg = Release|Any CPU
		{8F4DB953-2EA7-39B3-656B-8A2937C6BBB6}.Release|Any CPU.Build.0 = Release|Any CPU
		{07C3B7DB-8D2B-E126-59AC-7DA12F3F6E25}.Debug|Any CPU.ActiveCfg = Debug|Any CPU
		{07C3B7DB-8D2B-E126-59AC-7DA12F3F6E25}.Debug|Any CPU.Build.0 = Debug|Any CPU
		{07C3B7DB-8D2B-E126-59AC-7DA12F3F6E25}.Release|Any CPU.ActiveCfg = Release|Any CPU
		{07C3B7DB-8D2B-E126-59AC-7DA12F3F6E25}.Release|Any CPU.Build.0 = Release|Any CPU
		{5CF2605D-29FD-1D97-5D23-B7CAED86F45F}.Debug|Any CPU.ActiveCfg = Debug|Any CPU
		{5CF2605D-29FD-1D97-5D23-B7CAED86F45F}.Debug|Any CPU.Build.0 = Debug|Any CPU
		{5CF2605D-29FD-1D97-5D23-B7CAED86F45F}.Release|Any CPU.ActiveCfg = Release|Any CPU
		{5CF2605D-29FD-1D97-5D23-B7CAED86F45F}.Release|Any CPU.Build.0 = Release|Any CPU
		{600740C9-4076-73C3-D318-9BD45301C1DD}.Debug|Any CPU.ActiveCfg = Debug|Any CPU
		{600740C9-4076-73C3-D318-9BD45301C1DD}.Debug|Any CPU.Build.0 = Debug|Any CPU
		{600740C9-4076-73C3-D318-9BD45301C1DD}.Release|Any CPU.ActiveCfg = Release|Any CPU
		{600740C9-4076-73C3-D318-9BD45301C1DD}.Release|Any CPU.Build.0 = Release|Any CPU
	EndGlobalSection
	GlobalSection(SolutionProperties) = preSolution
		HideSolutionNode = FALSE
	EndGlobalSection
EndGlobal
